# THIS IS AN AUTOGENERATED FILE. DO NOT EDIT THIS FILE DIRECTLY.
# yarn lockfile v1


"@babel/code-frame@7.12.11":
  "version" "7.12.11"
  dependencies:
    "@babel/highlight" "^7.10.4"

"@babel/helper-validator-identifier@^7.12.11":
  "version" "7.12.11"

"@babel/highlight@^7.10.4":
  "version" "7.13.8"
  dependencies:
    "@babel/helper-validator-identifier" "^7.12.11"
    "chalk" "^2.0.0"
    "js-tokens" "^4.0.0"

"@eslint/eslintrc@^0.3.0":
  "version" "0.3.0"
  dependencies:
    "ajv" "^6.12.4"
    "debug" "^4.1.1"
    "espree" "^7.3.0"
    "globals" "^12.1.0"
    "ignore" "^4.0.6"
    "import-fresh" "^3.2.1"
    "js-yaml" "^3.13.1"
    "lodash" "^4.17.20"
    "minimatch" "^3.0.4"
    "strip-json-comments" "^3.1.1"

"acorn-jsx@^5.3.1":
  "version" "5.3.1"

"acorn@^6.0.0 || ^7.0.0 || ^8.0.0", "acorn@^7.4.0":
  "version" "7.4.1"

"ajv@^6.10.0", "ajv@^6.12.4":
  "version" "6.12.6"
  dependencies:
    "fast-deep-equal" "^3.1.1"
    "fast-json-stable-stringify" "^2.0.0"
    "json-schema-traverse" "^0.4.1"
    "uri-js" "^4.2.2"

"ajv@^7.0.2":
  "version" "7.1.1"
  dependencies:
    "fast-deep-equal" "^3.1.1"
    "json-schema-traverse" "^1.0.0"
    "require-from-string" "^2.0.2"
    "uri-js" "^4.2.2"

"ansi-colors@^4.1.1":
  "version" "4.1.1"

"ansi-regex@^5.0.0":
  "version" "5.0.0"

"ansi-styles@^3.2.1":
  "version" "3.2.1"
  dependencies:
    "color-convert" "^1.9.0"

"ansi-styles@^4.0.0", "ansi-styles@^4.1.0":
  "version" "4.3.0"
  dependencies:
    "color-convert" "^2.0.1"

"argparse@^1.0.7":
  "version" "1.0.10"
  dependencies:
    "sprintf-js" "~1.0.2"

"array-includes@^3.1.1", "array-includes@^3.1.2":
  "integrity" "sha512-gcem1KlBU7c9rB+Rq8/3PPKsK2kjqeEBa3bD5kkQo4nYlOHQCJqIJFqBXDEfwaRuYTT4E+FxA9xez7Gf/e3Q7A=="
  "resolved" "https://registry.npmjs.org/array-includes/-/array-includes-3.1.3.tgz"
  "version" "3.1.3"
  dependencies:
    "call-bind" "^1.0.2"
    "define-properties" "^1.1.3"
    "es-abstract" "^1.18.0-next.2"
    "get-intrinsic" "^1.1.1"
    "is-string" "^1.0.5"

"array.prototype.flatmap@^1.2.3":
  "integrity" "sha512-r9Z0zYoxqHz60vvQbWEdXIEtCwHF0yxaWfno9qzXeNHvfyl3BZqygmGzb84dsubyaXLH4husF+NFgMSdpZhk2Q=="
  "resolved" "https://registry.npmjs.org/array.prototype.flatmap/-/array.prototype.flatmap-1.2.4.tgz"
  "version" "1.2.4"
  dependencies:
    "call-bind" "^1.0.0"
    "define-properties" "^1.1.3"
    "es-abstract" "^1.18.0-next.1"
    "function-bind" "^1.1.1"

"astral-regex@^2.0.0":
  "version" "2.0.0"

"balanced-match@^1.0.0":
  "version" "1.0.0"

"brace-expansion@^1.1.7":
  "version" "1.1.11"
  dependencies:
    "balanced-match" "^1.0.0"
    "concat-map" "0.0.1"

"call-bind@^1.0.0", "call-bind@^1.0.2":
  "integrity" "sha512-7O+FbCihrB5WGbFYesctwmTKae6rOiIzmz1icreWJ+0aA7LJfuqhEso2T9ncpcFtzMQtzXf2QGGueWJGTYsqrA=="
  "resolved" "https://registry.npmjs.org/call-bind/-/call-bind-1.0.2.tgz"
  "version" "1.0.2"
  dependencies:
    "function-bind" "^1.1.1"
    "get-intrinsic" "^1.0.2"

"callsites@^3.0.0":
  "version" "3.1.0"

"chalk@^2.0.0":
  "version" "2.4.2"
  dependencies:
    "ansi-styles" "^3.2.1"
    "escape-string-regexp" "^1.0.5"
    "supports-color" "^5.3.0"

"chalk@^4.0.0":
  "version" "4.1.0"
  dependencies:
    "ansi-styles" "^4.1.0"
    "supports-color" "^7.1.0"

"color-convert@^1.9.0":
  "version" "1.9.3"
  dependencies:
    "color-name" "1.1.3"

"color-convert@^2.0.1":
  "version" "2.0.1"
  dependencies:
    "color-name" "~1.1.4"

"color-name@~1.1.4":
  "version" "1.1.4"

"color-name@1.1.3":
  "version" "1.1.3"

"concat-map@0.0.1":
  "version" "0.0.1"

"cross-spawn@^7.0.2":
  "version" "7.0.3"
  dependencies:
    "path-key" "^3.1.0"
    "shebang-command" "^2.0.0"
    "which" "^2.0.1"

"debug@^4.0.1", "debug@^4.1.1":
  "version" "4.3.1"
  dependencies:
    "ms" "2.1.2"

"deep-is@^0.1.3":
  "version" "0.1.3"

"define-properties@^1.1.3":
  "integrity" "sha512-3MqfYKj2lLzdMSf8ZIZE/V+Zuy+BgD6f164e8K2w7dgnpKArBDerGYpM46IYYcjnkdPNMjPk9A6VFB8+3SKlXQ=="
  "resolved" "https://registry.npmjs.org/define-properties/-/define-properties-1.1.3.tgz"
  "version" "1.1.3"
  dependencies:
    "object-keys" "^1.0.12"

"doctrine@^2.1.0":
  "integrity" "sha512-35mSku4ZXK0vfCuHEDAwt55dg2jNajHZ1odvF+8SSr82EsZY4QmXfuWso8oEd8zRhVObSN18aM0CjSdoBX7zIw=="
  "resolved" "https://registry.npmjs.org/doctrine/-/doctrine-2.1.0.tgz"
  "version" "2.1.0"
  dependencies:
    "esutils" "^2.0.2"

"doctrine@^3.0.0":
  "version" "3.0.0"
  dependencies:
    "esutils" "^2.0.2"

"emoji-regex@^8.0.0":
  "version" "8.0.0"

"enquirer@^2.3.5":
  "version" "2.3.6"
  dependencies:
    "ansi-colors" "^4.1.1"

"es-abstract@^1.18.0-next.1", "es-abstract@^1.18.0-next.2":
  "integrity" "sha512-Ih4ZMFHEtZupnUh6497zEL4y2+w8+1ljnCyaTa+adcoafI1GOvMwFlDjBLfWR7y9VLfrjRJe9ocuHY1PSR9jjw=="
  "resolved" "https://registry.npmjs.org/es-abstract/-/es-abstract-1.18.0-next.2.tgz"
  "version" "1.18.0-next.2"
  dependencies:
    "call-bind" "^1.0.2"
    "es-to-primitive" "^1.2.1"
    "function-bind" "^1.1.1"
    "get-intrinsic" "^1.0.2"
    "has" "^1.0.3"
    "has-symbols" "^1.0.1"
    "is-callable" "^1.2.2"
    "is-negative-zero" "^2.0.1"
    "is-regex" "^1.1.1"
    "object-inspect" "^1.9.0"
    "object-keys" "^1.1.1"
    "object.assign" "^4.1.2"
    "string.prototype.trimend" "^1.0.3"
    "string.prototype.trimstart" "^1.0.3"

"es-to-primitive@^1.2.1":
  "integrity" "sha512-QCOllgZJtaUo9miYBcLChTUaHNjJF3PYs1VidD7AwiEj1kYxKeQTctLAezAOH5ZKRH0g2IgPn6KwB4IT8iRpvA=="
  "resolved" "https://registry.npmjs.org/es-to-primitive/-/es-to-primitive-1.2.1.tgz"
  "version" "1.2.1"
  dependencies:
    "is-callable" "^1.1.4"
    "is-date-object" "^1.0.1"
    "is-symbol" "^1.0.2"

"escape-string-regexp@^1.0.5":
  "version" "1.0.5"

"eslint-plugin-react@^7.22.0":
  "integrity" "sha512-p30tuX3VS+NWv9nQot9xIGAHBXR0+xJVaZriEsHoJrASGCJZDJ8JLNM0YqKqI0AKm6Uxaa1VUHoNEibxRCMQHA=="
  "resolved" "https://registry.npmjs.org/eslint-plugin-react/-/eslint-plugin-react-7.22.0.tgz"
  "version" "7.22.0"
  dependencies:
    "array-includes" "^3.1.1"
    "array.prototype.flatmap" "^1.2.3"
    "doctrine" "^2.1.0"
    "has" "^1.0.3"
    "jsx-ast-utils" "^2.4.1 || ^3.0.0"
    "object.entries" "^1.1.2"
    "object.fromentries" "^2.0.2"
    "object.values" "^1.1.1"
    "prop-types" "^15.7.2"
    "resolve" "^1.18.1"
    "string.prototype.matchall" "^4.0.2"

"eslint-scope@^5.1.1":
  "version" "5.1.1"
  dependencies:
    "esrecurse" "^4.3.0"
    "estraverse" "^4.1.1"

"eslint-utils@^2.1.0":
  "version" "2.1.0"
  dependencies:
    "eslint-visitor-keys" "^1.1.0"

"eslint-visitor-keys@^1.1.0", "eslint-visitor-keys@^1.3.0":
  "version" "1.3.0"

"eslint-visitor-keys@^2.0.0":
  "version" "2.0.0"

"eslint@^3 || ^4 || ^5 || ^6 || ^7", "eslint@^7.20.0":
  "version" "7.20.0"
  dependencies:
    "@babel/code-frame" "7.12.11"
    "@eslint/eslintrc" "^0.3.0"
    "ajv" "^6.10.0"
    "chalk" "^4.0.0"
    "cross-spawn" "^7.0.2"
    "debug" "^4.0.1"
    "doctrine" "^3.0.0"
    "enquirer" "^2.3.5"
    "eslint-scope" "^5.1.1"
    "eslint-utils" "^2.1.0"
    "eslint-visitor-keys" "^2.0.0"
    "espree" "^7.3.1"
    "esquery" "^1.4.0"
    "esutils" "^2.0.2"
    "file-entry-cache" "^6.0.0"
    "functional-red-black-tree" "^1.0.1"
    "glob-parent" "^5.0.0"
    "globals" "^12.1.0"
    "ignore" "^4.0.6"
    "import-fresh" "^3.0.0"
    "imurmurhash" "^0.1.4"
    "is-glob" "^4.0.0"
    "js-yaml" "^3.13.1"
    "json-stable-stringify-without-jsonify" "^1.0.1"
    "levn" "^0.4.1"
    "lodash" "^4.17.20"
    "minimatch" "^3.0.4"
    "natural-compare" "^1.4.0"
    "optionator" "^0.9.1"
    "progress" "^2.0.0"
    "regexpp" "^3.1.0"
    "semver" "^7.2.1"
    "strip-ansi" "^6.0.0"
    "strip-json-comments" "^3.1.0"
    "table" "^6.0.4"
    "text-table" "^0.2.0"
    "v8-compile-cache" "^2.0.3"

"espree@^7.3.0", "espree@^7.3.1":
  "version" "7.3.1"
  dependencies:
    "acorn" "^7.4.0"
    "acorn-jsx" "^5.3.1"
    "eslint-visitor-keys" "^1.3.0"

"esprima@^4.0.0":
  "version" "4.0.1"

"esquery@^1.4.0":
  "version" "1.4.0"
  dependencies:
    "estraverse" "^5.1.0"

"esrecurse@^4.3.0":
  "version" "4.3.0"
  dependencies:
    "estraverse" "^5.2.0"

"estraverse@^4.1.1":
  "version" "4.3.0"

"estraverse@^5.1.0", "estraverse@^5.2.0":
  "version" "5.2.0"

"esutils@^2.0.2":
  "version" "2.0.3"

"fast-deep-equal@^3.1.1":
  "version" "3.1.3"

"fast-json-stable-stringify@^2.0.0":
  "version" "2.1.0"

"fast-levenshtein@^2.0.6":
  "version" "2.0.6"

"file-entry-cache@^6.0.0":
  "version" "6.0.1"
  dependencies:
    "flat-cache" "^3.0.4"

"flat-cache@^3.0.4":
  "version" "3.0.4"
  dependencies:
    "flatted" "^3.1.0"
    "rimraf" "^3.0.2"

"flatted@^3.1.0":
  "version" "3.1.1"

"fs.realpath@^1.0.0":
  "version" "1.0.0"

"function-bind@^1.1.1":
  "integrity" "sha512-yIovAzMX49sF8Yl58fSCWJ5svSLuaibPxXQJFLmBObTuCr0Mf1KiPopGM9NiFjiYBCbfaa2Fh6breQ6ANVTI0A=="
  "resolved" "https://registry.npmjs.org/function-bind/-/function-bind-1.1.1.tgz"
  "version" "1.1.1"

"functional-red-black-tree@^1.0.1":
  "version" "1.0.1"

"get-intrinsic@^1.0.2", "get-intrinsic@^1.1.0", "get-intrinsic@^1.1.1":
  "integrity" "sha512-kWZrnVM42QCiEA2Ig1bG8zjoIMOgxWwYCEeNdwY6Tv/cOSeGpcoX4pXHfKUxNKVoArnrEr2e9srnAxxGIraS9Q=="
  "resolved" "https://registry.npmjs.org/get-intrinsic/-/get-intrinsic-1.1.1.tgz"
  "version" "1.1.1"
  dependencies:
    "function-bind" "^1.1.1"
    "has" "^1.0.3"
    "has-symbols" "^1.0.1"

"glob-parent@^5.0.0":
  "version" "5.1.1"
  dependencies:
    "is-glob" "^4.0.1"

"glob@^7.1.3":
  "version" "7.1.6"
  dependencies:
    "fs.realpath" "^1.0.0"
    "inflight" "^1.0.4"
    "inherits" "2"
    "minimatch" "^3.0.4"
    "once" "^1.3.0"
    "path-is-absolute" "^1.0.0"

"globals@^12.1.0":
  "version" "12.4.0"
  dependencies:
    "type-fest" "^0.8.1"

"has-flag@^3.0.0":
  "version" "3.0.0"

"has-flag@^4.0.0":
  "version" "4.0.0"

"has-symbols@^1.0.1":
  "integrity" "sha512-PLcsoqu++dmEIZB+6totNFKq/7Do+Z0u4oT0zKOJNl3lYK6vGwwu2hjHs+68OEZbTjiUE9bgOABXbP/GvrS0Kg=="
  "resolved" "https://registry.npmjs.org/has-symbols/-/has-symbols-1.0.1.tgz"
  "version" "1.0.1"

"has@^1.0.3":
  "integrity" "sha512-f2dvO0VU6Oej7RkWJGrehjbzMAjFp5/VKPp5tTpWIV4JHHZK1/BxbFRtf/siA2SWTe09caDmVtYYzWEIbBS4zw=="
  "resolved" "https://registry.npmjs.org/has/-/has-1.0.3.tgz"
  "version" "1.0.3"
  dependencies:
    "function-bind" "^1.1.1"

"ignore@^4.0.6":
  "version" "4.0.6"

"import-fresh@^3.0.0", "import-fresh@^3.2.1":
  "version" "3.3.0"
  dependencies:
    "parent-module" "^1.0.0"
    "resolve-from" "^4.0.0"

"imurmurhash@^0.1.4":
  "version" "0.1.4"

"inflight@^1.0.4":
  "version" "1.0.6"
  dependencies:
    "once" "^1.3.0"
    "wrappy" "1"

"inherits@2":
  "version" "2.0.4"

"internal-slot@^1.0.3":
  "integrity" "sha512-O0DB1JC/sPyZl7cIo78n5dR7eUSwwpYPiXRhTzNxZVAMUuB8vlnRFyLxdrVToks6XPLVnFfbzaVd5WLjhgg+vA=="
  "resolved" "https://registry.npmjs.org/internal-slot/-/internal-slot-1.0.3.tgz"
  "version" "1.0.3"
  dependencies:
    "get-intrinsic" "^1.1.0"
    "has" "^1.0.3"
    "side-channel" "^1.0.4"

"is-callable@^1.1.4", "is-callable@^1.2.2":
  "integrity" "sha512-J1DcMe8UYTBSrKezuIUTUwjXsho29693unXM2YhJUTR2txK/eG47bvNa/wipPFmZFgr/N6f1GA66dv0mEyTIyQ=="
  "resolved" "https://registry.npmjs.org/is-callable/-/is-callable-1.2.3.tgz"
  "version" "1.2.3"

"is-core-module@^2.2.0":
  "integrity" "sha512-XRAfAdyyY5F5cOXn7hYQDqh2Xmii+DEfIcQGxK/uNwMHhIkPWO0g8msXcbzLe+MpGoR951MlqM/2iIlU4vKDdQ=="
  "resolved" "https://registry.npmjs.org/is-core-module/-/is-core-module-2.2.0.tgz"
  "version" "2.2.0"
  dependencies:
    "has" "^1.0.3"

"is-date-object@^1.0.1":
  "integrity" "sha512-USlDT524woQ08aoZFzh3/Z6ch9Y/EWXEHQ/AaRN0SkKq4t2Jw2R2339tSXmwuVoY7LLlBCbOIlx2myP/L5zk0g=="
  "resolved" "https://registry.npmjs.org/is-date-object/-/is-date-object-1.0.2.tgz"
  "version" "1.0.2"

"is-extglob@^2.1.1":
  "version" "2.1.1"

"is-fullwidth-code-point@^3.0.0":
  "version" "3.0.0"

"is-glob@^4.0.0", "is-glob@^4.0.1":
  "version" "4.0.1"
  dependencies:
    "is-extglob" "^2.1.1"

"is-negative-zero@^2.0.1":
  "integrity" "sha512-2z6JzQvZRa9A2Y7xC6dQQm4FSTSTNWjKIYYTt4246eMTJmIo0Q+ZyOsU66X8lxK1AbB92dFeglPLrhwpeRKO6w=="
  "resolved" "https://registry.npmjs.org/is-negative-zero/-/is-negative-zero-2.0.1.tgz"
  "version" "2.0.1"

"is-regex@^1.1.1":
  "integrity" "sha512-axvdhb5pdhEVThqJzYXwMlVuZwC+FF2DpcOhTS+y/8jVq4trxyPgfcwIxIKiyeuLlSQYKkmUaPQJ8ZE4yNKXDg=="
  "resolved" "https://registry.npmjs.org/is-regex/-/is-regex-1.1.2.tgz"
  "version" "1.1.2"
  dependencies:
    "call-bind" "^1.0.2"
    "has-symbols" "^1.0.1"

"is-string@^1.0.5":
  "integrity" "sha512-buY6VNRjhQMiF1qWDouloZlQbRhDPCebwxSjxMjxgemYT46YMd2NR0/H+fBhEfWX4A/w9TBJ+ol+okqJKFE6vQ=="
  "resolved" "https://registry.npmjs.org/is-string/-/is-string-1.0.5.tgz"
  "version" "1.0.5"

"is-symbol@^1.0.2":
  "integrity" "sha512-OwijhaRSgqvhm/0ZdAcXNZt9lYdKFpcRDT5ULUuYXPoT794UNOdU+gpT6Rzo7b4V2HUl/op6GqY894AZwv9faQ=="
  "resolved" "https://registry.npmjs.org/is-symbol/-/is-symbol-1.0.3.tgz"
  "version" "1.0.3"
  dependencies:
    "has-symbols" "^1.0.1"

"isexe@^2.0.0":
  "version" "2.0.0"

"js-tokens@^3.0.0 || ^4.0.0", "js-tokens@^4.0.0":
  "version" "4.0.0"

"js-yaml@^3.13.1":
  "version" "3.14.1"
  dependencies:
    "argparse" "^1.0.7"
    "esprima" "^4.0.0"

"json-schema-traverse@^0.4.1":
  "version" "0.4.1"

"json-schema-traverse@^1.0.0":
  "version" "1.0.0"

"json-stable-stringify-without-jsonify@^1.0.1":
  "version" "1.0.1"

"jsx-ast-utils@^2.4.1 || ^3.0.0":
  "integrity" "sha512-EIsmt3O3ljsU6sot/J4E1zDRxfBNrhjyf/OKjlydwgEimQuznlM4Wv7U+ueONJMyEn1WRE0K8dhi3dVAXYT24Q=="
  "resolved" "https://registry.npmjs.org/jsx-ast-utils/-/jsx-ast-utils-3.2.0.tgz"
  "version" "3.2.0"
  dependencies:
    "array-includes" "^3.1.2"
    "object.assign" "^4.1.2"

"levn@^0.4.1":
  "version" "0.4.1"
  dependencies:
    "prelude-ls" "^1.2.1"
    "type-check" "~0.4.0"

"lodash@^4.17.20":
  "version" "4.17.21"

"loose-envify@^1.4.0":
  "integrity" "sha512-lyuxPGr/Wfhrlem2CL/UcnUc1zcqKAImBDzukY7Y5F/yQiNdko6+fRLevlw1HgMySw7f611UIY408EtxRSoK3Q=="
  "resolved" "https://registry.npmjs.org/loose-envify/-/loose-envify-1.4.0.tgz"
  "version" "1.4.0"
  dependencies:
    "js-tokens" "^3.0.0 || ^4.0.0"

"lru-cache@^6.0.0":
  "version" "6.0.0"
  dependencies:
    "yallist" "^4.0.0"

"minimatch@^3.0.4":
  "version" "3.0.4"
  dependencies:
    "brace-expansion" "^1.1.7"

"ms@2.1.2":
  "version" "2.1.2"

"natural-compare@^1.4.0":
  "version" "1.4.0"

"object-assign@^4.1.1":
  "integrity" "sha1-IQmtx5ZYh8/AXLvUQsrIv7s2CGM="
  "resolved" "https://registry.npmjs.org/object-assign/-/object-assign-4.1.1.tgz"
  "version" "4.1.1"

"object-inspect@^1.9.0":
  "integrity" "sha512-i3Bp9iTqwhaLZBxGkRfo5ZbE07BQRT7MGu8+nNgwW9ItGp1TzCTw2DLEoWwjClxBjOFI/hWljTAmYGCEwmtnOw=="
  "resolved" "https://registry.npmjs.org/object-inspect/-/object-inspect-1.9.0.tgz"
  "version" "1.9.0"

"object-keys@^1.0.12", "object-keys@^1.1.1":
  "integrity" "sha512-NuAESUOUMrlIXOfHKzD6bpPu3tYt3xvjNdRIQ+FeT0lNb4K8WR70CaDxhuNguS2XG+GjkyMwOzsN5ZktImfhLA=="
  "resolved" "https://registry.npmjs.org/object-keys/-/object-keys-1.1.1.tgz"
  "version" "1.1.1"

"object.assign@^4.1.2":
  "integrity" "sha512-ixT2L5THXsApyiUPYKmW+2EHpXXe5Ii3M+f4e+aJFAHao5amFRW6J0OO6c/LU8Be47utCx2GL89hxGB6XSmKuQ=="
  "resolved" "https://registry.npmjs.org/object.assign/-/object.assign-4.1.2.tgz"
  "version" "4.1.2"
  dependencies:
    "call-bind" "^1.0.0"
    "define-properties" "^1.1.3"
    "has-symbols" "^1.0.1"
    "object-keys" "^1.1.1"

"object.entries@^1.1.2":
  "integrity" "sha512-ym7h7OZebNS96hn5IJeyUmaWhaSM4SVtAPPfNLQEI2MYWCO2egsITb9nab2+i/Pwibx+R0mtn+ltKJXRSeTMGg=="
  "resolved" "https://registry.npmjs.org/object.entries/-/object.entries-1.1.3.tgz"
  "version" "1.1.3"
  dependencies:
    "call-bind" "^1.0.0"
    "define-properties" "^1.1.3"
    "es-abstract" "^1.18.0-next.1"
    "has" "^1.0.3"

"object.fromentries@^2.0.2":
  "integrity" "sha512-EsFBshs5RUUpQEY1D4q/m59kMfz4YJvxuNCJcv/jWwOJr34EaVnG11ZrZa0UHB3wnzV1wx8m58T4hQL8IuNXlQ=="
  "resolved" "https://registry.npmjs.org/object.fromentries/-/object.fromentries-2.0.4.tgz"
  "version" "2.0.4"
  dependencies:
    "call-bind" "^1.0.2"
    "define-properties" "^1.1.3"
    "es-abstract" "^1.18.0-next.2"
    "has" "^1.0.3"

"object.values@^1.1.1":
  "integrity" "sha512-nkF6PfDB9alkOUxpf1HNm/QlkeW3SReqL5WXeBLpEJJnlPSvRaDQpW3gQTksTN3fgJX4hL42RzKyOin6ff3tyw=="
  "resolved" "https://registry.npmjs.org/object.values/-/object.values-1.1.3.tgz"
  "version" "1.1.3"
  dependencies:
    "call-bind" "^1.0.2"
    "define-properties" "^1.1.3"
    "es-abstract" "^1.18.0-next.2"
    "has" "^1.0.3"

"once@^1.3.0":
  "version" "1.4.0"
  dependencies:
    "wrappy" "1"

"optionator@^0.9.1":
  "version" "0.9.1"
  dependencies:
    "deep-is" "^0.1.3"
    "fast-levenshtein" "^2.0.6"
    "levn" "^0.4.1"
    "prelude-ls" "^1.2.1"
    "type-check" "^0.4.0"
    "word-wrap" "^1.2.3"

"parent-module@^1.0.0":
  "version" "1.0.1"
  dependencies:
    "callsites" "^3.0.0"

"path-is-absolute@^1.0.0":
  "version" "1.0.1"

"path-key@^3.1.0":
  "version" "3.1.1"

"path-parse@^1.0.6":
  "integrity" "sha512-GSmOT2EbHrINBf9SR7CDELwlJ8AENk3Qn7OikK4nFYAu3Ote2+JYNVvkpAEQm3/TLNEJFD/xZJjzyxg3KBWOzw=="
  "resolved" "https://registry.npmjs.org/path-parse/-/path-parse-1.0.6.tgz"
  "version" "1.0.6"

"prelude-ls@^1.2.1":
  "version" "1.2.1"

"progress@^2.0.0":
  "version" "2.0.3"

"prop-types@^15.7.2":
  "integrity" "sha512-8QQikdH7//R2vurIJSutZ1smHYTcLpRWEOlHnzcWHmBYrOGUysKwSsrC89BCiFj3CbrfJ/nXFdJepOVrY1GCHQ=="
  "resolved" "https://registry.npmjs.org/prop-types/-/prop-types-15.7.2.tgz"
  "version" "15.7.2"
  dependencies:
    "loose-envify" "^1.4.0"
    "object-assign" "^4.1.1"
    "react-is" "^16.8.1"

"punycode@^2.1.0":
  "version" "2.1.1"

"react-is@^16.8.1":
  "integrity" "sha512-24e6ynE2H+OKt4kqsOvNd8kBpV65zoxbA4BVsEOB3ARVWQki/DHzaUoC5KuON/BiccDaCCTZBuOcfZs70kR8bQ=="
  "resolved" "https://registry.npmjs.org/react-is/-/react-is-16.13.1.tgz"
  "version" "16.13.1"

"regexp.prototype.flags@^1.3.1":
  "integrity" "sha512-JiBdRBq91WlY7uRJ0ds7R+dU02i6LKi8r3BuQhNXn+kmeLN+EfHhfjqMRis1zJxnlu88hq/4dx0P2OP3APRTOA=="
  "resolved" "https://registry.npmjs.org/regexp.prototype.flags/-/regexp.prototype.flags-1.3.1.tgz"
  "version" "1.3.1"
  dependencies:
    "call-bind" "^1.0.2"
    "define-properties" "^1.1.3"

"regexpp@^3.1.0":
  "version" "3.1.0"

"require-from-string@^2.0.2":
  "version" "2.0.2"

"resolve-from@^4.0.0":
  "version" "4.0.0"

"resolve@^1.18.1":
  "integrity" "sha512-wENBPt4ySzg4ybFQW2TT1zMQucPK95HSh/nq2CFTZVOGut2+pQvSsgtda4d26YrYcr067wjbmzOG8byDPBX63A=="
  "resolved" "https://registry.npmjs.org/resolve/-/resolve-1.20.0.tgz"
  "version" "1.20.0"
  dependencies:
    "is-core-module" "^2.2.0"
    "path-parse" "^1.0.6"

"rimraf@^3.0.2":
  "version" "3.0.2"
  dependencies:
    "glob" "^7.1.3"

"semver@^7.2.1":
  "version" "7.3.4"
  dependencies:
    "lru-cache" "^6.0.0"

"shebang-command@^2.0.0":
  "version" "2.0.0"
  dependencies:
    "shebang-regex" "^3.0.0"

"shebang-regex@^3.0.0":
  "version" "3.0.0"

"side-channel@^1.0.4":
  "integrity" "sha512-q5XPytqFEIKHkGdiMIrY10mvLRvnQh42/+GoBlFW3b2LXLE2xxJpZFdm94we0BaoV3RwJyGqg5wS7epxTv0Zvw=="
  "resolved" "https://registry.npmjs.org/side-channel/-/side-channel-1.0.4.tgz"
  "version" "1.0.4"
  dependencies:
    "call-bind" "^1.0.0"
    "get-intrinsic" "^1.0.2"
    "object-inspect" "^1.9.0"

"slice-ansi@^4.0.0":
  "version" "4.0.0"
  dependencies:
    "ansi-styles" "^4.0.0"
    "astral-regex" "^2.0.0"
    "is-fullwidth-code-point" "^3.0.0"

"sprintf-js@~1.0.2":
  "version" "1.0.3"

"string-width@^4.2.0":
  "version" "4.2.1"
  dependencies:
    "emoji-regex" "^8.0.0"
    "is-fullwidth-code-point" "^3.0.0"
    "strip-ansi" "^6.0.0"

"string.prototype.matchall@^4.0.2":
  "integrity" "sha512-pknFIWVachNcyqRfaQSeu/FUfpvJTe4uskUSZ9Wc1RijsPuzbZ8TyYT8WCNnntCjUEqQ3vUHMAfVj2+wLAisPQ=="
  "resolved" "https://registry.npmjs.org/string.prototype.matchall/-/string.prototype.matchall-4.0.4.tgz"
  "version" "4.0.4"
  dependencies:
    "call-bind" "^1.0.2"
    "define-properties" "^1.1.3"
    "es-abstract" "^1.18.0-next.2"
    "has-symbols" "^1.0.1"
    "internal-slot" "^1.0.3"
    "regexp.prototype.flags" "^1.3.1"
    "side-channel" "^1.0.4"

"string.prototype.trimend@^1.0.3":
  "integrity" "sha512-y9xCjw1P23Awk8EvTpcyL2NIr1j7wJ39f+k6lvRnSMz+mz9CGz9NYPelDk42kOz6+ql8xjfK8oYzy3jAP5QU5A=="
  "resolved" "https://registry.npmjs.org/string.prototype.trimend/-/string.prototype.trimend-1.0.4.tgz"
  "version" "1.0.4"
  dependencies:
    "call-bind" "^1.0.2"
    "define-properties" "^1.1.3"

"string.prototype.trimstart@^1.0.3":
  "integrity" "sha512-jh6e984OBfvxS50tdY2nRZnoC5/mLFKOREQfw8t5yytkoUsJRNxvI/E39qu1sD0OtWI3OC0XgKSmcWwziwYuZw=="
  "resolved" "https://registry.npmjs.org/string.prototype.trimstart/-/string.prototype.trimstart-1.0.4.tgz"
  "version" "1.0.4"
  dependencies:
    "call-bind" "^1.0.2"
    "define-properties" "^1.1.3"

"strip-ansi@^6.0.0":
  "version" "6.0.0"
  dependencies:
    "ansi-regex" "^5.0.0"

"strip-json-comments@^3.1.0", "strip-json-comments@^3.1.1":
  "version" "3.1.1"

"supports-color@^5.3.0":
  "version" "5.5.0"
  dependencies:
    "has-flag" "^3.0.0"

"supports-color@^7.1.0":
  "version" "7.2.0"
  dependencies:
    "has-flag" "^4.0.0"

"table@^6.0.4":
  "version" "6.0.7"
  dependencies:
    "ajv" "^7.0.2"
    "lodash" "^4.17.20"
    "slice-ansi" "^4.0.0"
    "string-width" "^4.2.0"

"text-table@^0.2.0":
  "version" "0.2.0"

"type-check@^0.4.0", "type-check@~0.4.0":
  "version" "0.4.0"
  dependencies:
    "prelude-ls" "^1.2.1"

"type-fest@^0.8.1":
  "version" "0.8.1"

"uri-js@^4.2.2":
  "version" "4.4.1"
  dependencies:
    "punycode" "^2.1.0"

"v8-compile-cache@^2.0.3":
  "version" "2.2.0"

"which@^2.0.1":
  "version" "2.0.2"
  dependencies:
    "isexe" "^2.0.0"

"word-wrap@^1.2.3":
  "version" "1.2.3"

"wrappy@1":
  "version" "1.0.2"

"yallist@^4.0.0":
  "version" "4.0.0"
